
Microsoft Visual Studio Solution File, Format Version 12.00
# Visual Studio Version 17
VisualStudioVersion = 17.2.32526.322
MinimumVisualStudioVersion = 10.0.40219.1
Project("{FAE04EC0-301F-11D3-BF4B-00C04F79EFBC}") = "Lesson01", "Lesson01\Lesson01.csproj", "{BE448166-459F-4995-87BE-24DB6E3D0C52}"
EndProject
Global
	GlobalSection(SolutionConfigurationPlatforms) = preSolution
		Debug|Any CPU = Debug|Any CPU
		Release|Any CPU = Release|Any CPU
	EndGlobalSection
	GlobalSection(ProjectConfigurationPlatforms) = postSolution
		{BE448166-459F-4995-87BE-24DB6E3D0C52}.Debug|Any CPU.ActiveCfg = Debug|Any CPU
		{BE448166-459F-4995-87BE-24DB6E3D0C52}.Debug|Any CPU.Build.0 = Debug|Any CPU
		{BE448166-459F-4995-87BE-24DB6E3D0C52}.Release|Any CPU.ActiveCfg = Release|Any CPU
		{BE448166-459F-4995-87BE-24DB6E3D0C52}.Release|Any CPU.Build.0 = Release|Any CPU
	EndGlobalSection
	GlobalSection(SolutionProperties) = preSolution
		HideSolutionNode = FALSE
	EndGlobalSection
	GlobalSection(ExtensibilityGlobals) = postSolution
		SolutionGuid = {021742C6-AC92-4FB5-B65B-1A9BC49C36AF}
	EndGlobalSection
EndGlobal
